
Microsoft Visual Studio Solution File, Format Version 12.00
# Visual Studio 14
VisualStudioVersion = 14.0.24720.0
MinimumVisualStudioVersion = 10.0.40219.1
Project("{2150E333-8FDC-42A3-9474-1A3956D46DE8}") = "src", "src", "{8FB0C350-9BA0-4D41-9E21-F4E9CBAAE17C}"
EndProject
Project("{2150E333-8FDC-42A3-9474-1A3956D46DE8}") = "Solution Items", "Solution Items", "{635EDBCE-B2E6-4FC1-AA71-A76683C25839}"
	ProjectSection(SolutionItems) = preProject
		global.json = global.json
	EndProjectSection
EndProject
Project("{8BB2217D-0F2D-49D1-97BC-3654ED321F3B}") = "Aetas", "src\Aetas\Aetas.xproj", "{9CEB07A2-0CF6-4841-9400-F5864FD283A2}"
EndProject
Global
	GlobalSection(SolutionConfigurationPlatforms) = preSolution
		Debug|Any CPU = Debug|Any CPU
		Release|Any CPU = Release|Any CPU
	EndGlobalSection
	GlobalSection(ProjectConfigurationPlatforms) = postSolution
		{9CEB07A2-0CF6-4841-9400-F5864FD283A2}.Debug|Any CPU.ActiveCfg = Debug|Any CPU
		{9CEB07A2-0CF6-4841-9400-F5864FD283A2}.Debug|Any CPU.Build.0 = Debug|Any CPU
		{9CEB07A2-0CF6-4841-9400-F5864FD283A2}.Release|Any CPU.ActiveCfg = Release|Any CPU
		{9CEB07A2-0CF6-4841-9400-F5864FD283A2}.Release|Any CPU.Build.0 = Release|Any CPU
	EndGlobalSection
	GlobalSection(SolutionProperties) = preSolution
		HideSolutionNode = FALSE
	EndGlobalSection
	GlobalSection(NestedProjects) = preSolution
		{9CEB07A2-0CF6-4841-9400-F5864FD283A2} = {8FB0C350-9BA0-4D41-9E21-F4E9CBAAE17C}
	EndGlobalSection
EndGlobal
